{
    "name": "cfdl-parking-applet",
    "version": "0.0.1",
    "lockfileVersion": 2,
    "requires": true,
    "packages": {
        "": {
            "version": "0.0.1",
            "dependencies": {
                "@amap/amap-jsapi-loader": "^1.0.1",
                "@babel/runtime": "^7.20.1",
                "dayjs": "^1.11.6",
                "dingtalk-jsapi": "^3.0.12",
                "image-tools": "^1.4.0",
                "pinia": "^2.0.23",
                "vue-amap": "^0.5.10"
            }
        },
        "node_modules/@amap/amap-jsapi-loader": {
            "version": "1.0.1",
            "resolved": "https://registry.npmmirror.com/@amap/amap-jsapi-loader/-/amap-jsapi-loader-1.0.1.tgz",
            "integrity": "sha512-nPyLKt7Ow/ThHLkSvn2etQlUzqxmTVgK7bIgwdBRTg2HK5668oN7xVxkaiRe3YZEzGzfV2XgH5Jmu2T73ljejw=="
        },
        "node_modules/@babel/runtime": {
            "version": "7.20.1",
            "resolved": "https://registry.npmmirror.com/@babel/runtime/-/runtime-7.20.1.tgz",
            "integrity": "sha512-mrzLkl6U9YLF8qpqI7TB82PESyEGjm/0Ly91jG575eVxMMlb8fYfOXFZIJ8XfLrJZQbm7dlKry2bJmXBUEkdFg==",
            "dependencies": {
                "regenerator-runtime": "^0.13.10"
            },
            "engines": {
                "node": ">=6.9.0"
            }
        },
        "node_modules/@vue/devtools-api": {
            "version": "6.4.5",
            "resolved": "https://registry.npmmirror.com/@vue/devtools-api/-/devtools-api-6.4.5.tgz",
            "integrity": "sha512-JD5fcdIuFxU4fQyXUu3w2KpAJHzTVdN+p4iOX2lMWSHMOoQdMAcpFLZzm9Z/2nmsoZ1a96QEhZ26e50xLBsgOQ=="
        },
        "node_modules/camelcase": {
            "version": "1.2.1",
            "resolved": "https://registry.npmmirror.com/camelcase/-/camelcase-1.2.1.tgz",
            "integrity": "sha512-wzLkDa4K/mzI1OSITC+DUyjgIl/ETNHE9QvYgy6J6Jvqyyz4C0Xfd+lQhb19sX2jMpZV4IssUn0VDVmglV+s4g==",
            "engines": {
                "node": ">=0.10.0"
            }
        },
        "node_modules/dayjs": {
            "version": "1.11.6",
            "resolved": "https://registry.npmmirror.com/dayjs/-/dayjs-1.11.6.tgz",
            "integrity": "sha512-zZbY5giJAinCG+7AGaw0wIhNZ6J8AhWuSXKvuc1KAyMiRsvGQWqh4L+MomvhdAYjN+lqvVCMq1I41e3YHvXkyQ=="
        },
        "node_modules/dingtalk-jsapi": {
            "version": "3.0.12",
            "resolved": "https://registry.npmmirror.com/dingtalk-jsapi/-/dingtalk-jsapi-3.0.12.tgz",
            "integrity": "sha512-vSP5fGuSthytrIYsN9ITa4DIO5h0bhIIKmcIYIRdvHN0brhzn1IX3hkFtNNNnjg6+u+pHWT8bKH/PRheWIhOLQ==",
            "dependencies": {
                "promise-polyfill": "^7.1.0"
            }
        },
        "node_modules/image-tools": {
            "version": "1.4.0",
            "resolved": "https://registry.npmjs.org/image-tools/-/image-tools-1.4.0.tgz",
            "integrity": "sha512-TKtvJ6iUwM0mfaD4keMnk1ENHFC470QEjBfA3IlvKdEOufzvWbjbaoNcoyYq6HlViF8+d5tOS1ooE6j7CHf1lQ=="
        },
        "node_modules/pinia": {
            "version": "2.0.23",
            "resolved": "https://registry.npmmirror.com/pinia/-/pinia-2.0.23.tgz",
            "integrity": "sha512-N15hFf4o5STrxpNrib1IEb1GOArvPYf1zPvQVRGOO1G1d74Ak0J0lVyalX/SmrzdT4Q0nlEFjbURsmBmIGUR5Q==",
            "dependencies": {
                "@vue/devtools-api": "^6.4.4",
                "vue-demi": "*"
            },
            "funding": {
                "url": "https://github.com/sponsors/posva"
            },
            "peerDependencies": {
                "@vue/composition-api": "^1.4.0",
                "typescript": ">=4.4.4",
                "vue": "^2.6.14 || ^3.2.0"
            },
            "peerDependenciesMeta": {
                "@vue/composition-api": {
                    "optional": true
                },
                "typescript": {
                    "optional": true
                }
            }
        },
        "node_modules/promise-polyfill": {
            "version": "7.1.2",
            "resolved": "https://registry.npmmirror.com/promise-polyfill/-/promise-polyfill-7.1.2.tgz",
            "integrity": "sha512-FuEc12/eKqqoRYIGBrUptCBRhobL19PS2U31vMNTfyck1FxPyMfgsXyW4Mav85y/ZN1hop3hOwRlUDok23oYfQ=="
        },
        "node_modules/regenerator-runtime": {
            "version": "0.13.10",
            "resolved": "https://registry.npmmirror.com/regenerator-runtime/-/regenerator-runtime-0.13.10.tgz",
            "integrity": "sha512-KepLsg4dU12hryUO7bp/axHAKvwGOCV0sGloQtpagJ12ai+ojVDqkeGSiRX1zlq+kjIMZ1t7gpze+26QqtdGqw=="
        },
        "node_modules/uppercamelcase": {
            "version": "1.1.0",
            "resolved": "https://registry.npmmirror.com/uppercamelcase/-/uppercamelcase-1.1.0.tgz",
            "integrity": "sha512-C7YEMvhgrvTEKEEVqA7LXNID/1TvvIwYZqNIKLquS6y/MGSkRQAav9LnTTILlC1RqUM8eTVBOe1U/fnB652PRA==",
            "dependencies": {
                "camelcase": "^1.2.1"
            }
        },
        "node_modules/vue-amap": {
            "version": "0.5.10",
            "resolved": "https://registry.npmmirror.com/vue-amap/-/vue-amap-0.5.10.tgz",
            "integrity": "sha512-9ViNCev1vx32+zZ5RvF/TmUZNbwL9QrdA2/OnD2GlXMfQBkJy7D08Vb7379t6guqnopDPtWJ8K6gg72h9+4GUg==",
            "dependencies": {
                "uppercamelcase": "^1.1.0"
            },
            "engines": {
                "core-js": "^2.5.0",
                "node": ">= 4.0.0",
                "npm": ">= 3.0.0"
            }
        },
        "node_modules/vue-demi": {
            "version": "0.13.11",
            "resolved": "https://registry.npmmirror.com/vue-demi/-/vue-demi-0.13.11.tgz",
            "integrity": "sha512-IR8HoEEGM65YY3ZJYAjMlKygDQn25D5ajNFNoKh9RSDMQtlzCxtfQjdQgv9jjK+m3377SsJXY8ysq8kLCZL25A==",
            "hasInstallScript": true,
            "bin": {
                "vue-demi-fix": "bin/vue-demi-fix.js",
                "vue-demi-switch": "bin/vue-demi-switch.js"
            },
            "engines": {
                "node": ">=12"
            },
            "funding": {
                "url": "https://github.com/sponsors/antfu"
            },
            "peerDependencies": {
                "@vue/composition-api": "^1.0.0-rc.1",
                "vue": "^3.0.0-0 || ^2.6.0"
            },
            "peerDependenciesMeta": {
                "@vue/composition-api": {
                    "optional": true
                }
            }
        }
    },
    "dependencies": {
        "@amap/amap-jsapi-loader": {
            "version": "1.0.1",
            "resolved": "https://registry.npmmirror.com/@amap/amap-jsapi-loader/-/amap-jsapi-loader-1.0.1.tgz",
            "integrity": "sha512-nPyLKt7Ow/ThHLkSvn2etQlUzqxmTVgK7bIgwdBRTg2HK5668oN7xVxkaiRe3YZEzGzfV2XgH5Jmu2T73ljejw=="
        },
        "@babel/runtime": {
            "version": "7.20.1",
            "resolved": "https://registry.npmmirror.com/@babel/runtime/-/runtime-7.20.1.tgz",
            "integrity": "sha512-mrzLkl6U9YLF8qpqI7TB82PESyEGjm/0Ly91jG575eVxMMlb8fYfOXFZIJ8XfLrJZQbm7dlKry2bJmXBUEkdFg==",
            "requires": {
                "regenerator-runtime": "^0.13.10"
            }
        },
        "@vue/devtools-api": {
            "version": "6.4.5",
            "resolved": "https://registry.npmmirror.com/@vue/devtools-api/-/devtools-api-6.4.5.tgz",
            "integrity": "sha512-JD5fcdIuFxU4fQyXUu3w2KpAJHzTVdN+p4iOX2lMWSHMOoQdMAcpFLZzm9Z/2nmsoZ1a96QEhZ26e50xLBsgOQ=="
        },
        "camelcase": {
            "version": "1.2.1",
            "resolved": "https://registry.npmmirror.com/camelcase/-/camelcase-1.2.1.tgz",
            "integrity": "sha512-wzLkDa4K/mzI1OSITC+DUyjgIl/ETNHE9QvYgy6J6Jvqyyz4C0Xfd+lQhb19sX2jMpZV4IssUn0VDVmglV+s4g=="
        },
        "dayjs": {
            "version": "1.11.6",
            "resolved": "https://registry.npmmirror.com/dayjs/-/dayjs-1.11.6.tgz",
            "integrity": "sha512-zZbY5giJAinCG+7AGaw0wIhNZ6J8AhWuSXKvuc1KAyMiRsvGQWqh4L+MomvhdAYjN+lqvVCMq1I41e3YHvXkyQ=="
        },
        "dingtalk-jsapi": {
            "version": "3.0.12",
            "resolved": "https://registry.npmmirror.com/dingtalk-jsapi/-/dingtalk-jsapi-3.0.12.tgz",
            "integrity": "sha512-vSP5fGuSthytrIYsN9ITa4DIO5h0bhIIKmcIYIRdvHN0brhzn1IX3hkFtNNNnjg6+u+pHWT8bKH/PRheWIhOLQ==",
            "requires": {
                "promise-polyfill": "^7.1.0"
            }
        },
        "image-tools": {
            "version": "1.4.0",
            "resolved": "https://registry.npmjs.org/image-tools/-/image-tools-1.4.0.tgz",
            "integrity": "sha512-TKtvJ6iUwM0mfaD4keMnk1ENHFC470QEjBfA3IlvKdEOufzvWbjbaoNcoyYq6HlViF8+d5tOS1ooE6j7CHf1lQ=="
        },
        "pinia": {
            "version": "2.0.23",
            "resolved": "https://registry.npmmirror.com/pinia/-/pinia-2.0.23.tgz",
            "integrity": "sha512-N15hFf4o5STrxpNrib1IEb1GOArvPYf1zPvQVRGOO1G1d74Ak0J0lVyalX/SmrzdT4Q0nlEFjbURsmBmIGUR5Q==",
            "requires": {
                "@vue/devtools-api": "^6.4.4",
                "vue-demi": "*"
            }
        },
        "promise-polyfill": {
            "version": "7.1.2",
            "resolved": "https://registry.npmmirror.com/promise-polyfill/-/promise-polyfill-7.1.2.tgz",
            "integrity": "sha512-FuEc12/eKqqoRYIGBrUptCBRhobL19PS2U31vMNTfyck1FxPyMfgsXyW4Mav85y/ZN1hop3hOwRlUDok23oYfQ=="
        },
        "regenerator-runtime": {
            "version": "0.13.10",
            "resolved": "https://registry.npmmirror.com/regenerator-runtime/-/regenerator-runtime-0.13.10.tgz",
            "integrity": "sha512-KepLsg4dU12hryUO7bp/axHAKvwGOCV0sGloQtpagJ12ai+ojVDqkeGSiRX1zlq+kjIMZ1t7gpze+26QqtdGqw=="
        },
        "uppercamelcase": {
            "version": "1.1.0",
            "resolved": "https://registry.npmmirror.com/uppercamelcase/-/uppercamelcase-1.1.0.tgz",
            "integrity": "sha512-C7YEMvhgrvTEKEEVqA7LXNID/1TvvIwYZqNIKLquS6y/MGSkRQAav9LnTTILlC1RqUM8eTVBOe1U/fnB652PRA==",
            "requires": {
                "camelcase": "^1.2.1"
            }
        },
        "vue-amap": {
            "version": "0.5.10",
            "resolved": "https://registry.npmmirror.com/vue-amap/-/vue-amap-0.5.10.tgz",
            "integrity": "sha512-9ViNCev1vx32+zZ5RvF/TmUZNbwL9QrdA2/OnD2GlXMfQBkJy7D08Vb7379t6guqnopDPtWJ8K6gg72h9+4GUg==",
            "requires": {
                "uppercamelcase": "^1.1.0"
            }
        },
        "vue-demi": {
            "version": "0.13.11",
            "resolved": "https://registry.npmmirror.com/vue-demi/-/vue-demi-0.13.11.tgz",
            "integrity": "sha512-IR8HoEEGM65YY3ZJYAjMlKygDQn25D5ajNFNoKh9RSDMQtlzCxtfQjdQgv9jjK+m3377SsJXY8ysq8kLCZL25A==",
            "requires": {}
        }
    }
}
